// !$*UTF8*$!
{
	archiveVersion = 1;
	classes = {
	};
	objectVersion = 46;
	objects = {

/* Begin PBXBuildFile section */
		6D2C2E2C1454E86E00ACE3FB /* UIKit.framework in Frameworks */ = {isa = PBXBuildFile; fileRef = 6D2C2E2B1454E86E00ACE3FB /* UIKit.framework */; };
		6D2C2E2E1454E86E00ACE3FB /* Foundation.framework in Frameworks */ = {isa = PBXBuildFile; fileRef = 6D2C2E2D1454E86E00ACE3FB /* Foundation.framework */; };
		6D2C2E301454E86E00ACE3FB /* CoreGraphics.framework in Frameworks */ = {isa = PBXBuildFile; fileRef = 6D2C2E2F1454E86E00ACE3FB /* CoreGraphics.framework */; };
		6D2C2E361454E86E00ACE3FB /* InfoPlist.strings in Resources */ = {isa = PBXBuildFile; fileRef = 6D2C2E341454E86E00ACE3FB /* InfoPlist.strings */; };
		6D2C2E381454E86E00ACE3FB /* main.m in Sources */ = {isa = PBXBuildFile; fileRef = 6D2C2E371454E86E00ACE3FB /* main.m */; };
		6D2C2E3C1454E86E00ACE3FB /* AppDelegate.m in Sources */ = {isa = PBXBuildFile; fileRef = 6D2C2E3B1454E86E00ACE3FB /* AppDelegate.m */; };
		6D2C2E3F1454E86E00ACE3FB /* RootViewController.m in Sources */ = {isa = PBXBuildFile; fileRef = 6D2C2E3E1454E86E00ACE3FB /* RootViewController.m */; };
		6D2C2E421454E86E00ACE3FB /* DataViewController.m in Sources */ = {isa = PBXBuildFile; fileRef = 6D2C2E411454E86E00ACE3FB /* DataViewController.m */; };
		6D2C2E451454E86E00ACE3FB /* ModelController.m in Sources */ = {isa = PBXBuildFile; fileRef = 6D2C2E441454E86E00ACE3FB /* ModelController.m */; };
		6D2C2E481454E86E00ACE3FB /* MainStoryboard_iPhone.storyboard in Resources */ = {isa = PBXBuildFile; fileRef = 6D2C2E461454E86E00ACE3FB /* MainStoryboard_iPhone.storyboard */; };
		6D2C2E4B1454E86E00ACE3FB /* MainStoryboard_iPad.storyboard in Resources */ = {isa = PBXBuildFile; fileRef = 6D2C2E491454E86E00ACE3FB /* MainStoryboard_iPad.storyboard */; };
		6D2C2E531454E86E00ACE3FB /* SenTestingKit.framework in Frameworks */ = {isa = PBXBuildFile; fileRef = 6D2C2E521454E86E00ACE3FB /* SenTestingKit.framework */; };
		6D2C2E541454E86E00ACE3FB /* UIKit.framework in Frameworks */ = {isa = PBXBuildFile; fileRef = 6D2C2E2B1454E86E00ACE3FB /* UIKit.framework */; };
		6D2C2E551454E86E00ACE3FB /* Foundation.framework in Frameworks */ = {isa = PBXBuildFile; fileRef = 6D2C2E2D1454E86E00ACE3FB /* Foundation.framework */; };
		6D2C2E5D1454E86E00ACE3FB /* InfoPlist.strings in Resources */ = {isa = PBXBuildFile; fileRef = 6D2C2E5B1454E86E00ACE3FB /* InfoPlist.strings */; };
		6D2C2E601454E86E00ACE3FB /* TestTests.m in Sources */ = {isa = PBXBuildFile; fileRef = 6D2C2E5F1454E86E00ACE3FB /* TestTests.m */; };
/* End PBXBuildFile section */

/* Begin PBXContainerItemProxy section */
		6D2C2E561454E86E00ACE3FB /* PBXContainerItemProxy */ = {
			isa = PBXContainerItemProxy;
			containerPortal = 6D2C2E1E1454E86E00ACE3FB /* Project object */;
			proxyType = 1;
			remoteGlobalIDString = 6D2C2E261454E86E00ACE3FB;
			remoteInfo = Test;
		};
/* End PBXContainerItemProxy section */

/* Begin PBXFileReference section */
		6D2C2E271454E86E00ACE3FB /* Test.app */ = {isa = PBXFileReference; explicitFileType = wrapper.application; includeInIndex = 0; path = Test.app; sourceTree = BUILT_PRODUCTS_DIR; };
		6D2C2E2B1454E86E00ACE3FB /* UIKit.framework */ = {isa = PBXFileReference; lastKnownFileType = wrapper.framework; name = UIKit.framework; path = System/Library/Frameworks/UIKit.framework; sourceTree = SDKROOT; };
		6D2C2E2D1454E86E00ACE3FB /* Foundation.framework */ = {isa = PBXFileReference; lastKnownFileType = wrapper.framework; name = Foundation.framework; path = System/Library/Frameworks/Foundation.framework; sourceTree = SDKROOT; };
		6D2C2E2F1454E86E00ACE3FB /* CoreGraphics.framework */ = {isa = PBXFileReference; lastKnownFileType = wrapper.framework; name = CoreGraphics.framework; path = System/Library/Frameworks/CoreGraphics.framework; sourceTree = SDKROOT; };
		6D2C2E331454E86E00ACE3FB /* Test-Info.plist */ = {isa = PBXFileReference; path = "Test-Info.plist"; sourceTree = "<group>"; };
		6D2C2E351454E86E00ACE3FB /* en */ = {isa = PBXFileReference; lastKnownFileType = text.plist.strings; name = en; path = en.lproj/InfoPlist.strings; sourceTree = "<group>"; };
		6D2C2E371454E86E00ACE3FB /* main.m */ = {isa = PBXFileReference; lastKnownFileType = sourcecode.c.objc; path = main.m; sourceTree = "<group>"; };
		6D2C2E391454E86E00ACE3FB /* Test-Prefix.pch */ = {isa = PBXFileReference; path = "Test-Prefix.pch"; sourceTree = "<group>"; };
		6D2C2E3A1454E86E00ACE3FB /* AppDelegate.h */ = {isa = PBXFileReference; path = AppDelegate.h; sourceTree = "<group>"; };
		6D2C2E3B1454E86E00ACE3FB /* AppDelegate.m */ = {isa = PBXFileReference; lastKnownFileType = sourcecode.c.objc; path = AppDelegate.m; sourceTree = "<group>"; };
		6D2C2E3D1454E86E00ACE3FB /* RootViewController.h */ = {isa = PBXFileReference; path = RootViewController.h; sourceTree = "<group>"; };
		6D2C2E3E1454E86E00ACE3FB /* RootViewController.m */ = {isa = PBXFileReference; lastKnownFileType = sourcecode.c.objc; path = RootViewController.m; sourceTree = "<group>"; };
		6D2C2E401454E86E00ACE3FB /* DataViewController.h */ = {isa = PBXFileReference; path = DataViewController.h; sourceTree = "<group>"; };
		6D2C2E411454E86E00ACE3FB /* DataViewController.m */ = {isa = PBXFileReference; lastKnownFileType = sourcecode.c.objc; path = DataViewController.m; sourceTree = "<group>"; };
		6D2C2E431454E86E00ACE3FB /* ModelController.h */ = {isa = PBXFileReference; path = ModelController.h; sourceTree = "<group>"; };
		6D2C2E441454E86E00ACE3FB /* ModelController.m */ = {isa = PBXFileReference; lastKnownFileType = sourcecode.c.objc; path = ModelController.m; sourceTree = "<group>"; };
		6D2C2E471454E86E00ACE3FB /* en */ = {isa = PBXFileReference; lastKnownFileType = file.storyboard; name = en; path = en.lproj/MainStoryboard_iPhone.storyboard; sourceTree = "<group>"; };
		6D2C2E4A1454E86E00ACE3FB /* en */ = {isa = PBXFileReference; lastKnownFileType = file.storyboard; name = en; path = en.lproj/MainStoryboard_iPad.storyboard; sourceTree = "<group>"; };
		6D2C2E511454E86E00ACE3FB /* TestTests.octest */ = {isa = PBXFileReference; explicitFileType = wrapper.cfbundle; includeInIndex = 0; path = TestTests.octest; sourceTree = BUILT_PRODUCTS_DIR; };
		6D2C2E521454E86E00ACE3FB /* SenTestingKit.framework */ = {isa = PBXFileReference; lastKnownFileType = wrapper.framework; name = SenTestingKit.framework; path = Library/Frameworks/SenTestingKit.framework; sourceTree = DEVELOPER_DIR; };
		6D2C2E5A1454E86E00ACE3FB /* TestTests-Info.plist */ = {isa = PBXFileReference; path = "TestTests-Info.plist"; sourceTree = "<group>"; };
		6D2C2E5C1454E86E00ACE3FB /* en */ = {isa = PBXFileReference; lastKnownFileType = text.plist.strings; name = en; path = en.lproj/InfoPlist.strings; sourceTree = "<group>"; };
		6D2C2E5E1454E86E00ACE3FB /* TestTests.h */ = {isa = PBXFileReference; path = TestTests.h; sourceTree = "<group>"; };
		6D2C2E5F1454E86E00ACE3FB /* TestTests.m */ = {isa = PBXFileReference; lastKnownFileType = sourcecode.c.objc; path = TestTests.m; sourceTree = "<group>"; };
/* End PBXFileReference section */

/* Begin PBXFrameworksBuildPhase section */
		6D2C2E241454E86E00ACE3FB /* Frameworks */ = {
			isa = PBXFrameworksBuildPhase;
			buildActionMask = 2147483647;
			files = (
				6D2C2E2C1454E86E00ACE3FB /* UIKit.framework in Frameworks */,
				6D2C2E2E1454E86E00ACE3FB /* Foundation.framework in Frameworks */,
				6D2C2E301454E86E00ACE3FB /* CoreGraphics.framework in Frameworks */,
			);
			runOnlyForDeploymentPostprocessing = 0;
		};
		6D2C2E4D1454E86E00ACE3FB /* Frameworks */ = {
			isa = PBXFrameworksBuildPhase;
			buildActionMask = 2147483647;
			files = (
				6D2C2E531454E86E00ACE3FB /* SenTestingKit.framework in Frameworks */,
				6D2C2E541454E86E00ACE3FB /* UIKit.framework in Frameworks */,
				6D2C2E551454E86E00ACE3FB /* Foundation.framework in Frameworks */,
			);
			runOnlyForDeploymentPostprocessing = 0;
		};
/* End PBXFrameworksBuildPhase section */

/* Begin PBXGroup section */
		6D2C2E1C1454E86E00ACE3FB = {
			isa = PBXGroup;
			children = (
				6D2C2E311454E86E00ACE3FB /* Test */,
				6D2C2E581454E86E00ACE3FB /* TestTests */,
				6D2C2E2A1454E86E00ACE3FB /* Frameworks */,
				6D2C2E281454E86E00ACE3FB /* Products */,
			);
			sourceTree = "<group>";
		};
		6D2C2E281454E86E00ACE3FB /* Products */ = {
			isa = PBXGroup;
			children = (
				6D2C2E271454E86E00ACE3FB /* Test.app */,
				6D2C2E511454E86E00ACE3FB /* TestTests.octest */,
			);
			name = Products;
			sourceTree = "<group>";
		};
		6D2C2E2A1454E86E00ACE3FB /* Frameworks */ = {
			isa = PBXGroup;
			children = (
				6D2C2E2B1454E86E00ACE3FB /* UIKit.framework */,
				6D2C2E2D1454E86E00ACE3FB /* Foundation.framework */,
				6D2C2E2F1454E86E00ACE3FB /* CoreGraphics.framework */,
				6D2C2E521454E86E00ACE3FB /* SenTestingKit.framework */,
			);
			name = Frameworks;
			sourceTree = "<group>";
		};
		6D2C2E311454E86E00ACE3FB /* Test */ = {
			isa = PBXGroup;
			children = (
				6D2C2E3A1454E86E00ACE3FB /* AppDelegate.h */,
				6D2C2E3B1454E86E00ACE3FB /* AppDelegate.m */,
				6D2C2E3D1454E86E00ACE3FB /* RootViewController.h */,
				6D2C2E3E1454E86E00ACE3FB /* RootViewController.m */,
				6D2C2E401454E86E00ACE3FB /* DataViewController.h */,
				6D2C2E411454E86E00ACE3FB /* DataViewController.m */,
				6D2C2E431454E86E00ACE3FB /* ModelController.h */,
				6D2C2E441454E86E00ACE3FB /* ModelController.m */,
				6D2C2E461454E86E00ACE3FB /* MainStoryboard_iPhone.storyboard */,
				6D2C2E491454E86E00ACE3FB /* MainStoryboard_iPad.storyboard */,
				6D2C2E321454E86E00ACE3FB /* Supporting Files */,
			);
			path = Test;
			sourceTree = "<group>";
		};
		6D2C2E321454E86E00ACE3FB /* Supporting Files */ = {
			isa = PBXGroup;
			children = (
				6D2C2E331454E86E00ACE3FB /* Test-Info.plist */,
				6D2C2E341454E86E00ACE3FB /* InfoPlist.strings */,
				6D2C2E371454E86E00ACE3FB /* main.m */,
				6D2C2E391454E86E00ACE3FB /* Test-Prefix.pch */,
			);
			name = "Supporting Files";
			sourceTree = "<group>";
		};
		6D2C2E581454E86E00ACE3FB /* TestTests */ = {
			isa = PBXGroup;
			children = (
				6D2C2E5E1454E86E00ACE3FB /* TestTests.h */,
				6D2C2E5F1454E86E00ACE3FB /* TestTests.m */,
				6D2C2E591454E86E00ACE3FB /* Supporting Files */,
			);
			path = TestTests;
			sourceTree = "<group>";
		};
		6D2C2E591454E86E00ACE3FB /* Supporting Files */ = {
			isa = PBXGroup;
			children = (
				6D2C2E5A1454E86E00ACE3FB /* TestTests-Info.plist */,
				6D2C2E5B1454E86E00ACE3FB /* InfoPlist.strings */,
			);
			name = "Supporting Files";
			sourceTree = "<group>";
		};
/* End PBXGroup section */

/* Begin PBXNativeTarget section */
		6D2C2E261454E86E00ACE3FB /* Test */ = {
			isa = PBXNativeTarget;
			buildConfigurationList = 6D2C2E631454E86E00ACE3FB /* Build configuration list for PBXNativeTarget "Test" */;
			buildPhases = (
				6D2C2E231454E86E00ACE3FB /* Sources */,
				6D2C2E241454E86E00ACE3FB /* Frameworks */,
				6D2C2E251454E86E00ACE3FB /* Resources */,
			);
			buildRules = (
			);
			dependencies = (
			);
			name = Test;
			productName = Test;
			productReference = 6D2C2E271454E86E00ACE3FB /* Test.app */;
			productType = "com.apple.product-type.application";
		};
		6D2C2E501454E86E00ACE3FB /* TestTests */ = {
			isa = PBXNativeTarget;
			buildConfigurationList = 6D2C2E661454E86E00ACE3FB /* Build configuration list for PBXNativeTarget "TestTests" */;
			buildPhases = (
				6D2C2E4C1454E86E00ACE3FB /* Sources */,
				6D2C2E4D1454E86E00ACE3FB /* Frameworks */,
				6D2C2E4E1454E86E00ACE3FB /* Resources */,
				6D2C2E4F1454E86E00ACE3FB /* ShellScript */,
			);
			buildRules = (
			);
			dependencies = (
				6D2C2E571454E86E00ACE3FB /* PBXTargetDependency */,
			);
			name = TestTests;
			productName = TestTests;
			productReference = 6D2C2E511454E86E00ACE3FB /* TestTests.octest */;
			productType = "com.apple.product-type.bundle";
		};
/* End PBXNativeTarget section */

/* Begin PBXProject section */
		6D2C2E1E1454E86E00ACE3FB /* Project object */ = {
			isa = PBXProject;
			attributes = {
				LastUpgradeCheck = 0420;
			};
			buildConfigurationList = 6D2C2E211454E86E00ACE3FB /* Build configuration list for PBXProject "Test" */;
			compatibilityVersion = "Xcode 3.2";
			developmentRegion = English;
			hasScannedForEncodings = 0;
			knownRegions = (
				en,
			);
			mainGroup = 6D2C2E1C1454E86E00ACE3FB;
			productRefGroup = 6D2C2E281454E86E00ACE3FB /* Products */;
			projectDirPath = "";
			projectRoot = "";
			targets = (
				6D2C2E261454E86E00ACE3FB /* Test */,
				6D2C2E501454E86E00ACE3FB /* TestTests */,
			);
		};
/* End PBXProject section */

/* Begin PBXResourcesBuildPhase section */
		6D2C2E251454E86E00ACE3FB /* Resources */ = {
			isa = PBXResourcesBuildPhase;
			buildActionMask = 2147483647;
			files = (
				6D2C2E361454E86E00ACE3FB /* InfoPlist.strings in Resources */,
				6D2C2E481454E86E00ACE3FB /* MainStoryboard_iPhone.storyboard in Resources */,
				6D2C2E4B1454E86E00ACE3FB /* MainStoryboard_iPad.storyboard in Resources */,
			);
			runOnlyForDeploymentPostprocessing = 0;
		};
		6D2C2E4E1454E86E00ACE3FB /* Resources */ = {
			isa = PBXResourcesBuildPhase;
			buildActionMask = 2147483647;
			files = (
				6D2C2E5D1454E86E00ACE3FB /* InfoPlist.strings in Resources */,
			);
			runOnlyForDeploymentPostprocessing = 0;
		};
/* End PBXResourcesBuildPhase section */

/* Begin PBXShellScriptBuildPhase section */
		6D2C2E4F1454E86E00ACE3FB /* ShellScript */ = {
			isa = PBXShellScriptBuildPhase;
			buildActionMask = 2147483647;
			files = (
			);
			inputPaths = (
			);
			outputPaths = (
			);
			runOnlyForDeploymentPostprocessing = 0;
			shellPath = /bin/sh;
			shellScript = "# Run the unit tests in this test bundle.\n\"${SYSTEM_DEVELOPER_DIR}/Tools/RunUnitTests\"\n";
		};
/* End PBXShellScriptBuildPhase section */

/* Begin PBXSourcesBuildPhase section */
		6D2C2E231454E86E00ACE3FB /* Sources */ = {
			isa = PBXSourcesBuildPhase;
			buildActionMask = 2147483647;
			files = (
				6D2C2E381454E86E00ACE3FB /* main.m in Sources */,
				6D2C2E3C1454E86E00ACE3FB /* AppDelegate.m in Sources */,
				6D2C2E3F1454E86E00ACE3FB /* RootViewController.m in Sources */,
				6D2C2E421454E86E00ACE3FB /* DataViewController.m in Sources */,
				6D2C2E451454E86E00ACE3FB /* ModelController.m in Sources */,
			);
			runOnlyForDeploymentPostprocessing = 0;
		};
		6D2C2E4C1454E86E00ACE3FB /* Sources */ = {
			isa = PBXSourcesBuildPhase;
			buildActionMask = 2147483647;
			files = (
				6D2C2E601454E86E00ACE3FB /* TestTests.m in Sources */,
			);
			runOnlyForDeploymentPostprocessing = 0;
		};
/* End PBXSourcesBuildPhase section */

/* Begin PBXTargetDependency section */
		6D2C2E571454E86E00ACE3FB /* PBXTargetDependency */ = {
			isa = PBXTargetDependency;
			target = 6D2C2E261454E86E00ACE3FB /* Test */;
			targetProxy = 6D2C2E561454E86E00ACE3FB /* PBXContainerItemProxy */;
		};
/* End PBXTargetDependency section */

/* Begin PBXVariantGroup section */
		6D2C2E341454E86E00ACE3FB /* InfoPlist.strings */ = {
			isa = PBXVariantGroup;
			children = (
				6D2C2E351454E86E00ACE3FB /* en */,
			);
			name = InfoPlist.strings;
			sourceTree = "<group>";
		};
		6D2C2E461454E86E00ACE3FB /* MainStoryboard_iPhone.storyboard */ = {
			isa = PBXVariantGroup;
			children = (
				6D2C2E471454E86E00ACE3FB /* en */,
			);
			name = MainStoryboard_iPhone.storyboard;
			sourceTree = "<group>";
		};
		6D2C2E491454E86E00ACE3FB /* MainStoryboard_iPad.storyboard */ = {
			isa = PBXVariantGroup;
			children = (
				6D2C2E4A1454E86E00ACE3FB /* en */,
			);
			name = MainStoryboard_iPad.storyboard;
			sourceTree = "<group>";
		};
		6D2C2E5B1454E86E00ACE3FB /* InfoPlist.strings */ = {
			isa = PBXVariantGroup;
			children = (
				6D2C2E5C1454E86E00ACE3FB /* en */,
			);
			name = InfoPlist.strings;
			sourceTree = "<group>";
		};
/* End PBXVariantGroup section */

/* Begin XCBuildConfiguration section */
		6D2C2E611454E86E00ACE3FB /* Debug */ = {
			isa = XCBuildConfiguration;
			buildSettings = {
				ALWAYS_SEARCH_USER_PATHS = NO;
				ARCHS = "$(ARCHS_STANDARD_32_BIT)";
				CLANG_ENABLE_OBJC_ARC = YES;
				"CODE_SIGN_IDENTITY[sdk=iphoneos*]" = "iPhone Developer";
				COPY_PHASE_STRIP = NO;
				GCC_C_LANGUAGE_STANDARD = gnu99;
				GCC_DYNAMIC_NO_PIC = NO;
				GCC_OPTIMIZATION_LEVEL = 0;
				GCC_PREPROCESSOR_DEFINITIONS = (
					"DEBUG=1",
					"$(inherited)",
				);
				GCC_SYMBOLS_PRIVATE_EXTERN = NO;
				GCC_VERSION = com.apple.compilers.llvm.clang.1_0;
				GCC_WARN_ABOUT_MISSING_PROTOTYPES = YES;
				GCC_WARN_ABOUT_RETURN_TYPE = YES;
				GCC_WARN_UNUSED_VARIABLE = YES;
				IPHONEOS_DEPLOYMENT_TARGET = 5.0;
				SDKROOT = iphoneos;
				TARGETED_DEVICE_FAMILY = "1,2";
			};
			name = Debug;
		};
		6D2C2E621454E86E00ACE3FB /* Release */ = {
			isa = XCBuildConfiguration;
			buildSettings = {
				ALWAYS_SEARCH_USER_PATHS = NO;
				ARCHS = "$(ARCHS_STANDARD_32_BIT)";
				CLANG_ENABLE_OBJC_ARC = YES;
				"CODE_SIGN_IDENTITY[sdk=iphoneos*]" = "iPhone Developer";
				COPY_PHASE_STRIP = YES;
				GCC_C_LANGUAGE_STANDARD = gnu99;
				GCC_VERSION = com.apple.compilers.llvm.clang.1_0;
				GCC_WARN_ABOUT_MISSING_PROTOTYPES = YES;
				GCC_WARN_ABOUT_RETURN_TYPE = YES;
				GCC_WARN_UNUSED_VARIABLE = YES;
				IPHONEOS_DEPLOYMENT_TARGET = 5.0;
				OTHER_CFLAGS = "-DNS_BLOCK_ASSERTIONS=1";
				SDKROOT = iphoneos;
				TARGETED_DEVICE_FAMILY = "1,2";
				VALIDATE_PRODUCT = YES;
			};
			name = Release;
		};
		6D2C2E641454E86E00ACE3FB /* Debug */ = {
			isa = XCBuildConfiguration;
			buildSettings = {
				GCC_PRECOMPILE_PREFIX_HEADER = YES;
				GCC_PREFIX_HEADER = "Test/Test-Prefix.pch";
				INFOPLIST_FILE = "Test/Test-Info.plist";
				PRODUCT_NAME = "$(TARGET_NAME)";
				WRAPPER_EXTENSION = app;
			};
			name = Debug;
		};
		6D2C2E651454E86E00ACE3FB /* Release */ = {
			isa = XCBuildConfiguration;
			buildSettings = {
				GCC_PRECOMPILE_PREFIX_HEADER = YES;
				GCC_PREFIX_HEADER = "Test/Test-Prefix.pch";
				INFOPLIST_FILE = "Test/Test-Info.plist";
				PRODUCT_NAME = "$(TARGET_NAME)";
				WRAPPER_EXTENSION = app;
			};
			name = Release;
		};
		6D2C2E671454E86E00ACE3FB /* Debug */ = {
			isa = XCBuildConfiguration;
			buildSettings = {
				BUNDLE_LOADER = "$(BUILT_PRODUCTS_DIR)/Test.app/Test";
				FRAMEWORK_SEARCH_PATHS = (
					"$(SDKROOT)/Developer/Library/Frameworks",
					"$(DEVELOPER_LIBRARY_DIR)/Frameworks",
				);
				GCC_PRECOMPILE_PREFIX_HEADER = YES;
				GCC_PREFIX_HEADER = "Test/Test-Prefix.pch";
				INFOPLIST_FILE = "TestTests/TestTests-Info.plist";
				PRODUCT_NAME = "$(TARGET_NAME)";
				TEST_HOST = "$(BUNDLE_LOADER)";
				WRAPPER_EXTENSION = octest;
			};
			name = Debug;
		};
		6D2C2E681454E86E00ACE3FB /* Release */ = {
			isa = XCBuildConfiguration;
			buildSettings = {
				BUNDLE_LOADER = "$(BUILT_PRODUCTS_DIR)/Test.app/Test";
				FRAMEWORK_SEARCH_PATHS = (
					"$(SDKROOT)/Developer/Library/Frameworks",
					"$(DEVELOPER_LIBRARY_DIR)/Frameworks",
				);
				GCC_PRECOMPILE_PREFIX_HEADER = YES;
				GCC_PREFIX_HEADER = "Test/Test-Prefix.pch";
				INFOPLIST_FILE = "TestTests/TestTests-Info.plist";
				PRODUCT_NAME = "$(TARGET_NAME)";
				TEST_HOST = "$(BUNDLE_LOADER)";
				WRAPPER_EXTENSION = octest;
			};
			name = Release;
		};
/* End XCBuildConfiguration section */

/* Begin XCConfigurationList section */
		6D2C2E211454E86E00ACE3FB /* Build configuration list for PBXProject "Test" */ = {
			isa = XCConfigurationList;
			buildConfigurations = (
				6D2C2E611454E86E00ACE3FB /* Debug */,
				6D2C2E621454E86E00ACE3FB /* Release */,
			);
			defaultConfigurationIsVisible = 0;
			defaultConfigurationName = Release;
		};
		6D2C2E631454E86E00ACE3FB /* Build configuration list for PBXNativeTarget "Test" */ = {
			isa = XCConfigurationList;
			buildConfigurations = (
				6D2C2E641454E86E00ACE3FB /* Debug */,
				6D2C2E651454E86E00ACE3FB /* Release */,
			);
			defaultConfigurationIsVisible = 0;
		};
		6D2C2E661454E86E00ACE3FB /* Build configuration list for PBXNativeTarget "TestTests" */ = {
			isa = XCConfigurationList;
			buildConfigurations = (
				6D2C2E671454E86E00ACE3FB /* Debug */,
				6D2C2E681454E86E00ACE3FB /* Release */,
			);
			defaultConfigurationIsVisible = 0;
		};
/* End XCConfigurationList section */
	};
	rootObject = 6D2C2E1E1454E86E00ACE3FB /* Project object */;
}
